
Microsoft Visual Studio Solution File, Format Version 12.00
# Visual Studio Version 17
VisualStudioVersion = 17.5.33530.505
MinimumVisualStudioVersion = 10.0.40219.1
Project("{FAE04EC0-301F-11D3-BF4B-00C04F79EFBC}") = "ConsoleApp1", "ConsoleApp1\ConsoleApp1.csproj", "{26509B92-B7F5-4886-8CDB-240200066B19}"
EndProject
Global
	GlobalSection(SolutionConfigurationPlatforms) = preSolution
		Debug|Any CPU = Debug|Any CPU
		Release|Any CPU = Release|Any CPU
	EndGlobalSection
	GlobalSection(ProjectConfigurationPlatforms) = postSolution
		{26509B92-B7F5-4886-8CDB-240200066B19}.Debug|Any CPU.ActiveCfg = Debug|Any CPU
		{26509B92-B7F5-4886-8CDB-240200066B19}.Debug|Any CPU.Build.0 = Debug|Any CPU
		{26509B92-B7F5-4886-8CDB-240200066B19}.Release|Any CPU.ActiveCfg = Release|Any CPU
		{26509B92-B7F5-4886-8CDB-240200066B19}.Release|Any CPU.Build.0 = Release|Any CPU
	EndGlobalSection
	GlobalSection(SolutionProperties) = preSolution
		HideSolutionNode = FALSE
	EndGlobalSection
	GlobalSection(ExtensibilityGlobals) = postSolution
		SolutionGuid = {7A457483-AB73-43D6-80EF-0C6F7C095432}
	EndGlobalSection
EndGlobal
